
Microsoft Visual Studio Solution File, Format Version 12.00
# Visual Studio Version 16
VisualStudioVersion = 16.0.29009.5
MinimumVisualStudioVersion = 10.0.40219.1
Project("{FAE04EC0-301F-11D3-BF4B-00C04F79EFBC}") = "FilePaths", "FilePaths\FilePaths.csproj", "{84AD2526-E305-4821-897A-30BC6873757D}"
EndProject
Project("{FAE04EC0-301F-11D3-BF4B-00C04F79EFBC}") = "FilePaths.Tests", "FilePaths.Tests\FilePaths.Tests.csproj", "{CAEC0697-1CB7-4805-BD38-9E742D9C28A5}"
EndProject
Global
	GlobalSection(SolutionConfigurationPlatforms) = preSolution
		Debug|Any CPU = Debug|Any CPU
		Release|Any CPU = Release|Any CPU
	EndGlobalSection
	GlobalSection(ProjectConfigurationPlatforms) = postSolution
		{84AD2526-E305-4821-897A-30BC6873757D}.Debug|Any CPU.ActiveCfg = Debug|Any CPU
		{84AD2526-E305-4821-897A-30BC6873757D}.Debug|Any CPU.Build.0 = Debug|Any CPU
		{84AD2526-E305-4821-897A-30BC6873757D}.Release|Any CPU.ActiveCfg = Release|Any CPU
		{84AD2526-E305-4821-897A-30BC6873757D}.Release|Any CPU.Build.0 = Release|Any CPU
		{CAEC0697-1CB7-4805-BD38-9E742D9C28A5}.Debug|Any CPU.ActiveCfg = Debug|Any CPU
		{CAEC0697-1CB7-4805-BD38-9E742D9C28A5}.Debug|Any CPU.Build.0 = Debug|Any CPU
		{CAEC0697-1CB7-4805-BD38-9E742D9C28A5}.Release|Any CPU.ActiveCfg = Release|Any CPU
		{CAEC0697-1CB7-4805-BD38-9E742D9C28A5}.Release|Any CPU.Build.0 = Release|Any CPU
	EndGlobalSection
	GlobalSection(SolutionProperties) = preSolution
		HideSolutionNode = FALSE
	EndGlobalSection
	GlobalSection(ExtensibilityGlobals) = postSolution
		SolutionGuid = {F508310B-C71E-44E9-A9EE-BBAA1A8F1A31}
	EndGlobalSection
EndGlobal
